
Microsoft Visual Studio Solution File, Format Version 12.00
# Visual Studio Version 16
VisualStudioVersion = 16.0.29326.143
MinimumVisualStudioVersion = 10.0.40219.1
Project("{FAE04EC0-301F-11D3-BF4B-00C04F79EFBC}") = "DocumentManageSystemForGateWay", "DocumentManageSystemForGateWay.csproj", "{6A4D2897-2F0B-41CA-B550-064115BD5148}"
EndProject
Global
	GlobalSection(SolutionConfigurationPlatforms) = preSolution
		Debug|Any CPU = Debug|Any CPU
		Release|Any CPU = Release|Any CPU
	EndGlobalSection
	GlobalSection(ProjectConfigurationPlatforms) = postSolution
		{6A4D2897-2F0B-41CA-B550-064115BD5148}.Debug|Any CPU.ActiveCfg = Debug|Any CPU
		{6A4D2897-2F0B-41CA-B550-064115BD5148}.Debug|Any CPU.Build.0 = Debug|Any CPU
		{6A4D2897-2F0B-41CA-B550-064115BD5148}.Release|Any CPU.ActiveCfg = Release|Any CPU
		{6A4D2897-2F0B-41CA-B550-064115BD5148}.Release|Any CPU.Build.0 = Release|Any CPU
	EndGlobalSection
	GlobalSection(SolutionProperties) = preSolution
		HideSolutionNode = FALSE
	EndGlobalSection
	GlobalSection(ExtensibilityGlobals) = postSolution
		SolutionGuid = {43B7F6B8-F610-41C1-B3EC-2F385E835246}
	EndGlobalSection
EndGlobal
